{
  "name": "test",
  "version": "1.0.0",
  "lockfileVersion": 3,
  "requires": true,
  "packages": {
    "": {
      "name": "test",
      "version": "1.0.0",
      "license": "ISC",
      "dependencies": {
        "@lds/cef-bridge": "^1.13.11"
      }
    },
    "node_modules/@lds/cef-bridge": {
      "version": "1.13.11",
      "resolved": "http://192.168.10.51:4000/@lds/cef-bridge/-/cef-bridge-1.13.11.tgz",
      "integrity": "sha512-Pn2tM+epKGGmDnZ7bwNKOiRmZ/5ZlmqvimlfcPGvbHEBUOB5PBLqYNQq2dYPzhGfrds4BLiz7edrmsi7uDJjew==",
      "license": "MIT",
      "dependencies": {
        "nanoid": "^3.3.4"
      },
      "engines": {
        "node": ">=12"
      }
    },
    "node_modules/nanoid": {
      "version": "3.3.8",
      "resolved": "http://192.168.10.51:4000/nanoid/-/nanoid-3.3.8.tgz",
      "integrity": "sha512-WNLf5Sd8oZxOm+TzppcYk8gVOgP+l58xNy58D0nbUnOxOWRWvlcCV4kUF7ltmI6PsrLl/BgKEyS4mqsGChFN0w==",
      "funding": [
        {
          "type": "github",
          "url": "https://github.com/sponsors/ai"
        }
      ],
      "license": "MIT",
      "bin": {
        "nanoid": "bin/nanoid.cjs"
      },
      "engines": {
        "node": "^10 || ^12 || ^13.7 || ^14 || >=15.0.1"
      }
    }
  }
}
